// !$*UTF8*$!
{
	archiveVersion = 1;
	classes = {
	};
	objectVersion = 52;
	objects = {

/* Begin PBXBuildFile section */
		FF6FD5FC25FE78AE0006659B /* SwiftLintFramework in Frameworks */ = {isa = PBXBuildFile; productRef = FF6FD5FB25FE78AE0006659B /* SwiftLintFramework */; };
		FFDFAF0425FCD9BB00AB76E4 /* Pokedex_CLApp.swift in Sources */ = {isa = PBXBuildFile; fileRef = FFDFAF0325FCD9BB00AB76E4 /* Pokedex_CLApp.swift */; };
		FFDFAF0625FCD9BB00AB76E4 /* ContentView.swift in Sources */ = {isa = PBXBuildFile; fileRef = FFDFAF0525FCD9BB00AB76E4 /* ContentView.swift */; };
		FFDFAF0825FCD9BD00AB76E4 /* Assets.xcassets in Resources */ = {isa = PBXBuildFile; fileRef = FFDFAF0725FCD9BD00AB76E4 /* Assets.xcassets */; };
		FFDFAF0B25FCD9BD00AB76E4 /* Preview Assets.xcassets in Resources */ = {isa = PBXBuildFile; fileRef = FFDFAF0A25FCD9BD00AB76E4 /* Preview Assets.xcassets */; };
		FFDFAF1625FCD9BD00AB76E4 /* Pokedex_CLTests.swift in Sources */ = {isa = PBXBuildFile; fileRef = FFDFAF1525FCD9BD00AB76E4 /* Pokedex_CLTests.swift */; };
		FFDFAF2125FCD9BE00AB76E4 /* Pokedex_CLUITests.swift in Sources */ = {isa = PBXBuildFile; fileRef = FFDFAF2025FCD9BE00AB76E4 /* Pokedex_CLUITests.swift */; };
/* End PBXBuildFile section */

/* Begin PBXContainerItemProxy section */
		FFDFAF1225FCD9BD00AB76E4 /* PBXContainerItemProxy */ = {
			isa = PBXContainerItemProxy;
			containerPortal = FFDFAEF825FCD9BB00AB76E4 /* Project object */;
			proxyType = 1;
			remoteGlobalIDString = FFDFAEFF25FCD9BB00AB76E4;
			remoteInfo = "Pokedex-CL";
		};
		FFDFAF1D25FCD9BE00AB76E4 /* PBXContainerItemProxy */ = {
			isa = PBXContainerItemProxy;
			containerPortal = FFDFAEF825FCD9BB00AB76E4 /* Project object */;
			proxyType = 1;
			remoteGlobalIDString = FFDFAEFF25FCD9BB00AB76E4;
			remoteInfo = "Pokedex-CL";
		};
/* End PBXContainerItemProxy section */

/* Begin PBXFileReference section */
		FFDFAF0025FCD9BB00AB76E4 /* Pokedex-CL.app */ = {isa = PBXFileReference; explicitFileType = wrapper.application; includeInIndex = 0; path = "Pokedex-CL.app"; sourceTree = BUILT_PRODUCTS_DIR; };
		FFDFAF0325FCD9BB00AB76E4 /* Pokedex_CLApp.swift */ = {isa = PBXFileReference; lastKnownFileType = sourcecode.swift; path = Pokedex_CLApp.swift; sourceTree = "<group>"; };
		FFDFAF0525FCD9BB00AB76E4 /* ContentView.swift */ = {isa = PBXFileReference; lastKnownFileType = sourcecode.swift; path = ContentView.swift; sourceTree = "<group>"; };
		FFDFAF0725FCD9BD00AB76E4 /* Assets.xcassets */ = {isa = PBXFileReference; lastKnownFileType = folder.assetcatalog; path = Assets.xcassets; sourceTree = "<group>"; };
		FFDFAF0A25FCD9BD00AB76E4 /* Preview Assets.xcassets */ = {isa = PBXFileReference; lastKnownFileType = folder.assetcatalog; path = "Preview Assets.xcassets"; sourceTree = "<group>"; };
		FFDFAF0C25FCD9BD00AB76E4 /* Info.plist */ = {isa = PBXFileReference; lastKnownFileType = text.plist.xml; path = Info.plist; sourceTree = "<group>"; };
		FFDFAF1125FCD9BD00AB76E4 /* Pokedex-CLTests.xctest */ = {isa = PBXFileReference; explicitFileType = wrapper.cfbundle; includeInIndex = 0; path = "Pokedex-CLTests.xctest"; sourceTree = BUILT_PRODUCTS_DIR; };
		FFDFAF1525FCD9BD00AB76E4 /* Pokedex_CLTests.swift */ = {isa = PBXFileReference; lastKnownFileType = sourcecode.swift; path = Pokedex_CLTests.swift; sourceTree = "<group>"; };
		FFDFAF1725FCD9BD00AB76E4 /* Info.plist */ = {isa = PBXFileReference; lastKnownFileType = text.plist.xml; path = Info.plist; sourceTree = "<group>"; };
		FFDFAF1C25FCD9BE00AB76E4 /* Pokedex-CLUITests.xctest */ = {isa = PBXFileReference; explicitFileType = wrapper.cfbundle; includeInIndex = 0; path = "Pokedex-CLUITests.xctest"; sourceTree = BUILT_PRODUCTS_DIR; };
		FFDFAF2025FCD9BE00AB76E4 /* Pokedex_CLUITests.swift */ = {isa = PBXFileReference; lastKnownFileType = sourcecode.swift; path = Pokedex_CLUITests.swift; sourceTree = "<group>"; };
		FFDFAF2225FCD9BE00AB76E4 /* Info.plist */ = {isa = PBXFileReference; lastKnownFileType = text.plist.xml; path = Info.plist; sourceTree = "<group>"; };
/* End PBXFileReference section */

/* Begin PBXFrameworksBuildPhase section */
		FFDFAEFD25FCD9BB00AB76E4 /* Frameworks */ = {
			isa = PBXFrameworksBuildPhase;
			buildActionMask = 2147483647;
			files = (
				FF6FD5FC25FE78AE0006659B /* SwiftLintFramework in Frameworks */,
			);
			runOnlyForDeploymentPostprocessing = 0;
		};
		FFDFAF0E25FCD9BD00AB76E4 /* Frameworks */ = {
			isa = PBXFrameworksBuildPhase;
			buildActionMask = 2147483647;
			files = (
			);
			runOnlyForDeploymentPostprocessing = 0;
		};
		FFDFAF1925FCD9BE00AB76E4 /* Frameworks */ = {
			isa = PBXFrameworksBuildPhase;
			buildActionMask = 2147483647;
			files = (
			);
			runOnlyForDeploymentPostprocessing = 0;
		};
/* End PBXFrameworksBuildPhase section */

/* Begin PBXGroup section */
		FF6FD60425FE82080006659B /* View */ = {
			isa = PBXGroup;
			children = (
			);
			path = View;
			sourceTree = "<group>";
		};
		FF6FD60525FE820C0006659B /* ViewModel */ = {
			isa = PBXGroup;
			children = (
			);
			path = ViewModel;
			sourceTree = "<group>";
		};
		FF6FD60625FE82120006659B /* Model */ = {
			isa = PBXGroup;
			children = (
			);
			path = Model;
			sourceTree = "<group>";
		};
		FFDFAEF725FCD9BB00AB76E4 = {
			isa = PBXGroup;
			children = (
				FFDFAF0225FCD9BB00AB76E4 /* Pokedex-CL */,
				FFDFAF1425FCD9BD00AB76E4 /* Pokedex-CLTests */,
				FFDFAF1F25FCD9BE00AB76E4 /* Pokedex-CLUITests */,
				FFDFAF0125FCD9BB00AB76E4 /* Products */,
			);
			sourceTree = "<group>";
		};
		FFDFAF0125FCD9BB00AB76E4 /* Products */ = {
			isa = PBXGroup;
			children = (
				FFDFAF0025FCD9BB00AB76E4 /* Pokedex-CL.app */,
				FFDFAF1125FCD9BD00AB76E4 /* Pokedex-CLTests.xctest */,
				FFDFAF1C25FCD9BE00AB76E4 /* Pokedex-CLUITests.xctest */,
			);
			name = Products;
			sourceTree = "<group>";
		};
		FFDFAF0225FCD9BB00AB76E4 /* Pokedex-CL */ = {
			isa = PBXGroup;
			children = (
				FF6FD60625FE82120006659B /* Model */,
				FF6FD60525FE820C0006659B /* ViewModel */,
				FF6FD60425FE82080006659B /* View */,
				FFDFAF0325FCD9BB00AB76E4 /* Pokedex_CLApp.swift */,
				FFDFAF0525FCD9BB00AB76E4 /* ContentView.swift */,
				FFDFAF0725FCD9BD00AB76E4 /* Assets.xcassets */,
				FFDFAF0C25FCD9BD00AB76E4 /* Info.plist */,
				FFDFAF0925FCD9BD00AB76E4 /* Preview Content */,
			);
			path = "Pokedex-CL";
			sourceTree = "<group>";
		};
		FFDFAF0925FCD9BD00AB76E4 /* Preview Content */ = {
			isa = PBXGroup;
			children = (
				FFDFAF0A25FCD9BD00AB76E4 /* Preview Assets.xcassets */,
			);
			path = "Preview Content";
			sourceTree = "<group>";
		};
		FFDFAF1425FCD9BD00AB76E4 /* Pokedex-CLTests */ = {
			isa = PBXGroup;
			children = (
				FFDFAF1525FCD9BD00AB76E4 /* Pokedex_CLTests.swift */,
				FFDFAF1725FCD9BD00AB76E4 /* Info.plist */,
			);
			path = "Pokedex-CLTests";
			sourceTree = "<group>";
		};
		FFDFAF1F25FCD9BE00AB76E4 /* Pokedex-CLUITests */ = {
			isa = PBXGroup;
			children = (
				FFDFAF2025FCD9BE00AB76E4 /* Pokedex_CLUITests.swift */,
				FFDFAF2225FCD9BE00AB76E4 /* Info.plist */,
			);
			path = "Pokedex-CLUITests";
			sourceTree = "<group>";
		};
/* End PBXGroup section */

/* Begin PBXNativeTarget section */
		FFDFAEFF25FCD9BB00AB76E4 /* Pokedex-CL */ = {
			isa = PBXNativeTarget;
			buildConfigurationList = FFDFAF2525FCD9BE00AB76E4 /* Build configuration list for PBXNativeTarget "Pokedex-CL" */;
			buildPhases = (
				FFDFAEFC25FCD9BB00AB76E4 /* Sources */,
				FFDFAEFD25FCD9BB00AB76E4 /* Frameworks */,
				FFDFAEFE25FCD9BB00AB76E4 /* Resources */,
				FF6FD60025FE79210006659B /* SwiftLint */,
			);
			buildRules = (
			);
			dependencies = (
			);
			name = "Pokedex-CL";
			packageProductDependencies = (
				FF6FD5FB25FE78AE0006659B /* SwiftLintFramework */,
			);
			productName = "Pokedex-CL";
			productReference = FFDFAF0025FCD9BB00AB76E4 /* Pokedex-CL.app */;
			productType = "com.apple.product-type.application";
		};
		FFDFAF1025FCD9BD00AB76E4 /* Pokedex-CLTests */ = {
			isa = PBXNativeTarget;
			buildConfigurationList = FFDFAF2825FCD9BE00AB76E4 /* Build configuration list for PBXNativeTarget "Pokedex-CLTests" */;
			buildPhases = (
				FFDFAF0D25FCD9BD00AB76E4 /* Sources */,
				FFDFAF0E25FCD9BD00AB76E4 /* Frameworks */,
				FFDFAF0F25FCD9BD00AB76E4 /* Resources */,
			);
			buildRules = (
			);
			dependencies = (
				FFDFAF1325FCD9BD00AB76E4 /* PBXTargetDependency */,
			);
			name = "Pokedex-CLTests";
			productName = "Pokedex-CLTests";
			productReference = FFDFAF1125FCD9BD00AB76E4 /* Pokedex-CLTests.xctest */;
			productType = "com.apple.product-type.bundle.unit-test";
		};
		FFDFAF1B25FCD9BE00AB76E4 /* Pokedex-CLUITests */ = {
			isa = PBXNativeTarget;
			buildConfigurationList = FFDFAF2B25FCD9BE00AB76E4 /* Build configuration list for PBXNativeTarget "Pokedex-CLUITests" */;
			buildPhases = (
				FFDFAF1825FCD9BE00AB76E4 /* Sources */,
				FFDFAF1925FCD9BE00AB76E4 /* Frameworks */,
				FFDFAF1A25FCD9BE00AB76E4 /* Resources */,
			);
			buildRules = (
			);
			dependencies = (
				FFDFAF1E25FCD9BE00AB76E4 /* PBXTargetDependency */,
			);
			name = "Pokedex-CLUITests";
			productName = "Pokedex-CLUITests";
			productReference = FFDFAF1C25FCD9BE00AB76E4 /* Pokedex-CLUITests.xctest */;
			productType = "com.apple.product-type.bundle.ui-testing";
		};
/* End PBXNativeTarget section */

/* Begin PBXProject section */
		FFDFAEF825FCD9BB00AB76E4 /* Project object */ = {
			isa = PBXProject;
			attributes = {
				LastSwiftUpdateCheck = 1240;
				LastUpgradeCheck = 1240;
				TargetAttributes = {
					FFDFAEFF25FCD9BB00AB76E4 = {
						CreatedOnToolsVersion = 12.4;
					};
					FFDFAF1025FCD9BD00AB76E4 = {
						CreatedOnToolsVersion = 12.4;
						TestTargetID = FFDFAEFF25FCD9BB00AB76E4;
					};
					FFDFAF1B25FCD9BE00AB76E4 = {
						CreatedOnToolsVersion = 12.4;
						TestTargetID = FFDFAEFF25FCD9BB00AB76E4;
					};
				};
			};
			buildConfigurationList = FFDFAEFB25FCD9BB00AB76E4 /* Build configuration list for PBXProject "Pokedex-CL" */;
			compatibilityVersion = "Xcode 9.3";
			developmentRegion = en;
			hasScannedForEncodings = 0;
			knownRegions = (
				en,
				Base,
			);
			mainGroup = FFDFAEF725FCD9BB00AB76E4;
			packageReferences = (
				FF6FD5FA25FE78AE0006659B /* XCRemoteSwiftPackageReference "SwiftLint" */,
			);
			productRefGroup = FFDFAF0125FCD9BB00AB76E4 /* Products */;
			projectDirPath = "";
			projectRoot = "";
			targets = (
				FFDFAEFF25FCD9BB00AB76E4 /* Pokedex-CL */,
				FFDFAF1025FCD9BD00AB76E4 /* Pokedex-CLTests */,
				FFDFAF1B25FCD9BE00AB76E4 /* Pokedex-CLUITests */,
			);
		};
/* End PBXProject section */

/* Begin PBXResourcesBuildPhase section */
		FFDFAEFE25FCD9BB00AB76E4 /* Resources */ = {
			isa = PBXResourcesBuildPhase;
			buildActionMask = 2147483647;
			files = (
				FFDFAF0B25FCD9BD00AB76E4 /* Preview Assets.xcassets in Resources */,
				FFDFAF0825FCD9BD00AB76E4 /* Assets.xcassets in Resources */,
			);
			runOnlyForDeploymentPostprocessing = 0;
		};
		FFDFAF0F25FCD9BD00AB76E4 /* Resources */ = {
			isa = PBXResourcesBuildPhase;
			buildActionMask = 2147483647;
			files = (
			);
			runOnlyForDeploymentPostprocessing = 0;
		};
		FFDFAF1A25FCD9BE00AB76E4 /* Resources */ = {
			isa = PBXResourcesBuildPhase;
			buildActionMask = 2147483647;
			files = (
			);
			runOnlyForDeploymentPostprocessing = 0;
		};
/* End PBXResourcesBuildPhase section */

/* Begin PBXShellScriptBuildPhase section */
		FF6FD60025FE79210006659B /* SwiftLint */ = {
			isa = PBXShellScriptBuildPhase;
			buildActionMask = 2147483647;
			files = (
			);
			inputFileListPaths = (
			);
			inputPaths = (
			);
			name = SwiftLint;
			outputFileListPaths = (
			);
			outputPaths = (
			);
			runOnlyForDeploymentPostprocessing = 0;
			shellPath = /bin/sh;
			shellScript = "if which swiftlint >/dev/null; then\n  swiftlint\nelse\n  echo \"warning: SwiftLint not installed, download from https://github.com/realm/SwiftLint\"\nfi\n";
		};
/* End PBXShellScriptBuildPhase section */

/* Begin PBXSourcesBuildPhase section */
		FFDFAEFC25FCD9BB00AB76E4 /* Sources */ = {
			isa = PBXSourcesBuildPhase;
			buildActionMask = 2147483647;
			files = (
				FFDFAF0625FCD9BB00AB76E4 /* ContentView.swift in Sources */,
				FFDFAF0425FCD9BB00AB76E4 /* Pokedex_CLApp.swift in Sources */,
			);
			runOnlyForDeploymentPostprocessing = 0;
		};
		FFDFAF0D25FCD9BD00AB76E4 /* Sources */ = {
			isa = PBXSourcesBuildPhase;
			buildActionMask = 2147483647;
			files = (
				FFDFAF1625FCD9BD00AB76E4 /* Pokedex_CLTests.swift in Sources */,
			);
			runOnlyForDeploymentPostprocessing = 0;
		};
		FFDFAF1825FCD9BE00AB76E4 /* Sources */ = {
			isa = PBXSourcesBuildPhase;
			buildActionMask = 2147483647;
			files = (
				FFDFAF2125FCD9BE00AB76E4 /* Pokedex_CLUITests.swift in Sources */,
			);
			runOnlyForDeploymentPostprocessing = 0;
		};
/* End PBXSourcesBuildPhase section */

/* Begin PBXTargetDependency section */
		FFDFAF1325FCD9BD00AB76E4 /* PBXTargetDependency */ = {
			isa = PBXTargetDependency;
			target = FFDFAEFF25FCD9BB00AB76E4 /* Pokedex-CL */;
			targetProxy = FFDFAF1225FCD9BD00AB76E4 /* PBXContainerItemProxy */;
		};
		FFDFAF1E25FCD9BE00AB76E4 /* PBXTargetDependency */ = {
			isa = PBXTargetDependency;
			target = FFDFAEFF25FCD9BB00AB76E4 /* Pokedex-CL */;
			targetProxy = FFDFAF1D25FCD9BE00AB76E4 /* PBXContainerItemProxy */;
		};
/* End PBXTargetDependency section */

/* Begin XCBuildConfiguration section */
		FFDFAF2325FCD9BE00AB76E4 /* Debug */ = {
			isa = XCBuildConfiguration;
			buildSettings = {
				ALWAYS_SEARCH_USER_PATHS = NO;
				CLANG_ANALYZER_NONNULL = YES;
				CLANG_ANALYZER_NUMBER_OBJECT_CONVERSION = YES_AGGRESSIVE;
				CLANG_CXX_LANGUAGE_STANDARD = "gnu++14";
				CLANG_CXX_LIBRARY = "libc++";
				CLANG_ENABLE_MODULES = YES;
				CLANG_ENABLE_OBJC_ARC = YES;
				CLANG_ENABLE_OBJC_WEAK = YES;
				CLANG_WARN_BLOCK_CAPTURE_AUTORELEASING = YES;
				CLANG_WARN_BOOL_CONVERSION = YES;
				CLANG_WARN_COMMA = YES;
				CLANG_WARN_CONSTANT_CONVERSION = YES;
				CLANG_WARN_DEPRECATED_OBJC_IMPLEMENTATIONS = YES;
				CLANG_WARN_DIRECT_OBJC_ISA_USAGE = YES_ERROR;
				CLANG_WARN_DOCUMENTATION_COMMENTS = YES;
				CLANG_WARN_EMPTY_BODY = YES;
				CLANG_WARN_ENUM_CONVERSION = YES;
				CLANG_WARN_INFINITE_RECURSION = YES;
				CLANG_WARN_INT_CONVERSION = YES;
				CLANG_WARN_NON_LITERAL_NULL_CONVERSION = YES;
				CLANG_WARN_OBJC_IMPLICIT_RETAIN_SELF = YES;
				CLANG_WARN_OBJC_LITERAL_CONVERSION = YES;
				CLANG_WARN_OBJC_ROOT_CLASS = YES_ERROR;
				CLANG_WARN_QUOTED_INCLUDE_IN_FRAMEWORK_HEADER = YES;
				CLANG_WARN_RANGE_LOOP_ANALYSIS = YES;
				CLANG_WARN_STRICT_PROTOTYPES = YES;
				CLANG_WARN_SUSPICIOUS_MOVE = YES;
				CLANG_WARN_UNGUARDED_AVAILABILITY = YES_AGGRESSIVE;
				CLANG_WARN_UNREACHABLE_CODE = YES;
				CLANG_WARN__DUPLICATE_METHOD_MATCH = YES;
				COPY_PHASE_STRIP = NO;
				DEBUG_INFORMATION_FORMAT = dwarf;
				ENABLE_STRICT_OBJC_MSGSEND = YES;
				ENABLE_TESTABILITY = YES;
				GCC_C_LANGUAGE_STANDARD = gnu11;
				GCC_DYNAMIC_NO_PIC = NO;
				GCC_NO_COMMON_BLOCKS = YES;
				GCC_OPTIMIZATION_LEVEL = 0;
				GCC_PREPROCESSOR_DEFINITIONS = (
					"DEBUG=1",
					"$(inherited)",
				);
				GCC_WARN_64_TO_32_BIT_CONVERSION = YES;
				GCC_WARN_ABOUT_RETURN_TYPE = YES_ERROR;
				GCC_WARN_UNDECLARED_SELECTOR = YES;
				GCC_WARN_UNINITIALIZED_AUTOS = YES_AGGRESSIVE;
				GCC_WARN_UNUSED_FUNCTION = YES;
				GCC_WARN_UNUSED_VARIABLE = YES;
				IPHONEOS_DEPLOYMENT_TARGET = 14.4;
				MTL_ENABLE_DEBUG_INFO = INCLUDE_SOURCE;
				MTL_FAST_MATH = YES;
				ONLY_ACTIVE_ARCH = YES;
				SDKROOT = iphoneos;
				SWIFT_ACTIVE_COMPILATION_CONDITIONS = DEBUG;
				SWIFT_OPTIMIZATION_LEVEL = "-Onone";
			};
			name = Debug;
		};
		FFDFAF2425FCD9BE00AB76E4 /* Release */ = {
			isa = XCBuildConfiguration;
			buildSettings = {
				ALWAYS_SEARCH_USER_PATHS = NO;
				CLANG_ANALYZER_NONNULL = YES;
				CLANG_ANALYZER_NUMBER_OBJECT_CONVERSION = YES_AGGRESSIVE;
				CLANG_CXX_LANGUAGE_STANDARD = "gnu++14";
				CLANG_CXX_LIBRARY = "libc++";
				CLANG_ENABLE_MODULES = YES;
				CLANG_ENABLE_OBJC_ARC = YES;
				CLANG_ENABLE_OBJC_WEAK = YES;
				CLANG_WARN_BLOCK_CAPTURE_AUTORELEASING = YES;
				CLANG_WARN_BOOL_CONVERSION = YES;
				CLANG_WARN_COMMA = YES;
				CLANG_WARN_CONSTANT_CONVERSION = YES;
				CLANG_WARN_DEPRECATED_OBJC_IMPLEMENTATIONS = YES;
				CLANG_WARN_DIRECT_OBJC_ISA_USAGE = YES_ERROR;
				CLANG_WARN_DOCUMENTATION_COMMENTS = YES;
				CLANG_WARN_EMPTY_BODY = YES;
				CLANG_WARN_ENUM_CONVERSION = YES;
				CLANG_WARN_INFINITE_RECURSION = YES;
				CLANG_WARN_INT_CONVERSION = YES;
				CLANG_WARN_NON_LITERAL_NULL_CONVERSION = YES;
				CLANG_WARN_OBJC_IMPLICIT_RETAIN_SELF = YES;
				CLANG_WARN_OBJC_LITERAL_CONVERSION = YES;
				CLANG_WARN_OBJC_ROOT_CLASS = YES_ERROR;
				CLANG_WARN_QUOTED_INCLUDE_IN_FRAMEWORK_HEADER = YES;
				CLANG_WARN_RANGE_LOOP_ANALYSIS = YES;
				CLANG_WARN_STRICT_PROTOTYPES = YES;
				CLANG_WARN_SUSPICIOUS_MOVE = YES;
				CLANG_WARN_UNGUARDED_AVAILABILITY = YES_AGGRESSIVE;
				CLANG_WARN_UNREACHABLE_CODE = YES;
				CLANG_WARN__DUPLICATE_METHOD_MATCH = YES;
				COPY_PHASE_STRIP = NO;
				DEBUG_INFORMATION_FORMAT = "dwarf-with-dsym";
				ENABLE_NS_ASSERTIONS = NO;
				ENABLE_STRICT_OBJC_MSGSEND = YES;
				GCC_C_LANGUAGE_STANDARD = gnu11;
				GCC_NO_COMMON_BLOCKS = YES;
				GCC_WARN_64_TO_32_BIT_CONVERSION = YES;
				GCC_WARN_ABOUT_RETURN_TYPE = YES_ERROR;
				GCC_WARN_UNDECLARED_SELECTOR = YES;
				GCC_WARN_UNINITIALIZED_AUTOS = YES_AGGRESSIVE;
				GCC_WARN_UNUSED_FUNCTION = YES;
				GCC_WARN_UNUSED_VARIABLE = YES;
				IPHONEOS_DEPLOYMENT_TARGET = 14.4;
				MTL_ENABLE_DEBUG_INFO = NO;
				MTL_FAST_MATH = YES;
				SDKROOT = iphoneos;
				SWIFT_COMPILATION_MODE = wholemodule;
				SWIFT_OPTIMIZATION_LEVEL = "-O";
				VALIDATE_PRODUCT = YES;
			};
			name = Release;
		};
		FFDFAF2625FCD9BE00AB76E4 /* Debug */ = {
			isa = XCBuildConfiguration;
			buildSettings = {
				ASSETCATALOG_COMPILER_APPICON_NAME = AppIcon;
				ASSETCATALOG_COMPILER_GLOBAL_ACCENT_COLOR_NAME = AccentColor;
				CODE_SIGN_STYLE = Automatic;
				DEVELOPMENT_ASSET_PATHS = "\"Pokedex-CL/Preview Content\"";
				DEVELOPMENT_TEAM = W3Z34WKGW8;
				ENABLE_PREVIEWS = YES;
				INFOPLIST_FILE = "Pokedex-CL/Info.plist";
				IPHONEOS_DEPLOYMENT_TARGET = 14.0;
				LD_RUNPATH_SEARCH_PATHS = (
					"$(inherited)",
					"@executable_path/Frameworks",
				);
				PRODUCT_BUNDLE_IDENTIFIER = "josejavpg.Pokedex-CL";
				PRODUCT_NAME = "$(TARGET_NAME)";
				SWIFT_VERSION = 5.0;
				TARGETED_DEVICE_FAMILY = "1,2";
			};
			name = Debug;
		};
		FFDFAF2725FCD9BE00AB76E4 /* Release */ = {
			isa = XCBuildConfiguration;
			buildSettings = {
				ASSETCATALOG_COMPILER_APPICON_NAME = AppIcon;
				ASSETCATALOG_COMPILER_GLOBAL_ACCENT_COLOR_NAME = AccentColor;
				CODE_SIGN_STYLE = Automatic;
				DEVELOPMENT_ASSET_PATHS = "\"Pokedex-CL/Preview Content\"";
				DEVELOPMENT_TEAM = W3Z34WKGW8;
				ENABLE_PREVIEWS = YES;
				INFOPLIST_FILE = "Pokedex-CL/Info.plist";
				IPHONEOS_DEPLOYMENT_TARGET = 14.0;
				LD_RUNPATH_SEARCH_PATHS = (
					"$(inherited)",
					"@executable_path/Frameworks",
				);
				PRODUCT_BUNDLE_IDENTIFIER = "josejavpg.Pokedex-CL";
				PRODUCT_NAME = "$(TARGET_NAME)";
				SWIFT_VERSION = 5.0;
				TARGETED_DEVICE_FAMILY = "1,2";
			};
			name = Release;
		};
		FFDFAF2925FCD9BE00AB76E4 /* Debug */ = {
			isa = XCBuildConfiguration;
			buildSettings = {
				ALWAYS_EMBED_SWIFT_STANDARD_LIBRARIES = YES;
				BUNDLE_LOADER = "$(TEST_HOST)";
				CODE_SIGN_STYLE = Automatic;
				DEVELOPMENT_TEAM = W3Z34WKGW8;
				INFOPLIST_FILE = "Pokedex-CLTests/Info.plist";
				IPHONEOS_DEPLOYMENT_TARGET = 14.0;
				LD_RUNPATH_SEARCH_PATHS = (
					"$(inherited)",
					"@executable_path/Frameworks",
					"@loader_path/Frameworks",
				);
				PRODUCT_BUNDLE_IDENTIFIER = "josejavpg.Pokedex-CLTests";
				PRODUCT_NAME = "$(TARGET_NAME)";
				SWIFT_VERSION = 5.0;
				TARGETED_DEVICE_FAMILY = "1,2";
				TEST_HOST = "$(BUILT_PRODUCTS_DIR)/Pokedex-CL.app/Pokedex-CL";
			};
			name = Debug;
		};
		FFDFAF2A25FCD9BE00AB76E4 /* Release */ = {
			isa = XCBuildConfiguration;
			buildSettings = {
				ALWAYS_EMBED_SWIFT_STANDARD_LIBRARIES = YES;
				BUNDLE_LOADER = "$(TEST_HOST)";
				CODE_SIGN_STYLE = Automatic;
				DEVELOPMENT_TEAM = W3Z34WKGW8;
				INFOPLIST_FILE = "Pokedex-CLTests/Info.plist";
				IPHONEOS_DEPLOYMENT_TARGET = 14.0;
				LD_RUNPATH_SEARCH_PATHS = (
					"$(inherited)",
					"@executable_path/Frameworks",
					"@loader_path/Frameworks",
				);
				PRODUCT_BUNDLE_IDENTIFIER = "josejavpg.Pokedex-CLTests";
				PRODUCT_NAME = "$(TARGET_NAME)";
				SWIFT_VERSION = 5.0;
				TARGETED_DEVICE_FAMILY = "1,2";
				TEST_HOST = "$(BUILT_PRODUCTS_DIR)/Pokedex-CL.app/Pokedex-CL";
			};
			name = Release;
		};
		FFDFAF2C25FCD9BE00AB76E4 /* Debug */ = {
			isa = XCBuildConfiguration;
			buildSettings = {
				ALWAYS_EMBED_SWIFT_STANDARD_LIBRARIES = YES;
				CODE_SIGN_STYLE = Automatic;
				DEVELOPMENT_TEAM = W3Z34WKGW8;
				INFOPLIST_FILE = "Pokedex-CLUITests/Info.plist";
				LD_RUNPATH_SEARCH_PATHS = (
					"$(inherited)",
					"@executable_path/Frameworks",
					"@loader_path/Frameworks",
				);
				PRODUCT_BUNDLE_IDENTIFIER = "josejavpg.Pokedex-CLUITests";
				PRODUCT_NAME = "$(TARGET_NAME)";
				SWIFT_VERSION = 5.0;
				TARGETED_DEVICE_FAMILY = "1,2";
				TEST_TARGET_NAME = "Pokedex-CL";
			};
			name = Debug;
		};
		FFDFAF2D25FCD9BE00AB76E4 /* Release */ = {
			isa = XCBuildConfiguration;
			buildSettings = {
				ALWAYS_EMBED_SWIFT_STANDARD_LIBRARIES = YES;
				CODE_SIGN_STYLE = Automatic;
				DEVELOPMENT_TEAM = W3Z34WKGW8;
				INFOPLIST_FILE = "Pokedex-CLUITests/Info.plist";
				LD_RUNPATH_SEARCH_PATHS = (
					"$(inherited)",
					"@executable_path/Frameworks",
					"@loader_path/Frameworks",
				);
				PRODUCT_BUNDLE_IDENTIFIER = "josejavpg.Pokedex-CLUITests";
				PRODUCT_NAME = "$(TARGET_NAME)";
				SWIFT_VERSION = 5.0;
				TARGETED_DEVICE_FAMILY = "1,2";
				TEST_TARGET_NAME = "Pokedex-CL";
			};
			name = Release;
		};
/* End XCBuildConfiguration section */

/* Begin XCConfigurationList section */
		FFDFAEFB25FCD9BB00AB76E4 /* Build configuration list for PBXProject "Pokedex-CL" */ = {
			isa = XCConfigurationList;
			buildConfigurations = (
				FFDFAF2325FCD9BE00AB76E4 /* Debug */,
				FFDFAF2425FCD9BE00AB76E4 /* Release */,
			);
			defaultConfigurationIsVisible = 0;
			defaultConfigurationName = Release;
		};
		FFDFAF2525FCD9BE00AB76E4 /* Build configuration list for PBXNativeTarget "Pokedex-CL" */ = {
			isa = XCConfigurationList;
			buildConfigurations = (
				FFDFAF2625FCD9BE00AB76E4 /* Debug */,
				FFDFAF2725FCD9BE00AB76E4 /* Release */,
			);
			defaultConfigurationIsVisible = 0;
			defaultConfigurationName = Release;
		};
		FFDFAF2825FCD9BE00AB76E4 /* Build configuration list for PBXNativeTarget "Pokedex-CLTests" */ = {
			isa = XCConfigurationList;
			buildConfigurations = (
				FFDFAF2925FCD9BE00AB76E4 /* Debug */,
				FFDFAF2A25FCD9BE00AB76E4 /* Release */,
			);
			defaultConfigurationIsVisible = 0;
			defaultConfigurationName = Release;
		};
		FFDFAF2B25FCD9BE00AB76E4 /* Build configuration list for PBXNativeTarget "Pokedex-CLUITests" */ = {
			isa = XCConfigurationList;
			buildConfigurations = (
				FFDFAF2C25FCD9BE00AB76E4 /* Debug */,
				FFDFAF2D25FCD9BE00AB76E4 /* Release */,
			);
			defaultConfigurationIsVisible = 0;
			defaultConfigurationName = Release;
		};
/* End XCConfigurationList section */

/* Begin XCRemoteSwiftPackageReference section */
		FF6FD5FA25FE78AE0006659B /* XCRemoteSwiftPackageReference "SwiftLint" */ = {
			isa = XCRemoteSwiftPackageReference;
			repositoryURL = "https://github.com/realm/SwiftLint";
			requirement = {
				kind = upToNextMajorVersion;
				minimumVersion = 0.43.0;
			};
		};
/* End XCRemoteSwiftPackageReference section */

/* Begin XCSwiftPackageProductDependency section */
		FF6FD5FB25FE78AE0006659B /* SwiftLintFramework */ = {
			isa = XCSwiftPackageProductDependency;
			package = FF6FD5FA25FE78AE0006659B /* XCRemoteSwiftPackageReference "SwiftLint" */;
			productName = SwiftLintFramework;
		};
/* End XCSwiftPackageProductDependency section */
	};
	rootObject = FFDFAEF825FCD9BB00AB76E4 /* Project object */;
}
